
Microsoft Visual Studio Solution File, Format Version 12.00
# Visual Studio Version 16
VisualStudioVersion = 16.0.30804.86
MinimumVisualStudioVersion = 10.0.40219.1
Project("{FAE04EC0-301F-11D3-BF4B-00C04F79EFBC}") = "programme_json", "programme_json\programme_json.csproj", "{B858A249-F6B4-4BBC-BD6E-32B1838496F5}"
EndProject
Global
	GlobalSection(SolutionConfigurationPlatforms) = preSolution
		Debug|Any CPU = Debug|Any CPU
		Release|Any CPU = Release|Any CPU
	EndGlobalSection
	GlobalSection(ProjectConfigurationPlatforms) = postSolution
		{B858A249-F6B4-4BBC-BD6E-32B1838496F5}.Debug|Any CPU.ActiveCfg = Debug|Any CPU
		{B858A249-F6B4-4BBC-BD6E-32B1838496F5}.Debug|Any CPU.Build.0 = Debug|Any CPU
		{B858A249-F6B4-4BBC-BD6E-32B1838496F5}.Release|Any CPU.ActiveCfg = Release|Any CPU
		{B858A249-F6B4-4BBC-BD6E-32B1838496F5}.Release|Any CPU.Build.0 = Release|Any CPU
	EndGlobalSection
	GlobalSection(SolutionProperties) = preSolution
		HideSolutionNode = FALSE
	EndGlobalSection
	GlobalSection(ExtensibilityGlobals) = postSolution
		SolutionGuid = {48E06200-9878-4AF8-9A9E-162D969F24E1}
	EndGlobalSection
EndGlobal
